
Microsoft Visual Studio Solution File, Format Version 12.00
# Visual Studio Version 17
VisualStudioVersion = 17.1.32421.90
MinimumVisualStudioVersion = 10.0.40219.1
Project("{FAE04EC0-301F-11D3-BF4B-00C04F79EFBC}") = "StandardWebAPI_Template", "StandardWebAPI_Template\StandardWebAPI_Template.csproj", "{0E52AAD5-AC5C-4432-84AB-E40501F68F6A}"
EndProject
Global
	GlobalSection(SolutionConfigurationPlatforms) = preSolution
		Debug|Any CPU = Debug|Any CPU
		Release|Any CPU = Release|Any CPU
	EndGlobalSection
	GlobalSection(ProjectConfigurationPlatforms) = postSolution
		{0E52AAD5-AC5C-4432-84AB-E40501F68F6A}.Debug|Any CPU.ActiveCfg = Debug|Any CPU
		{0E52AAD5-AC5C-4432-84AB-E40501F68F6A}.Debug|Any CPU.Build.0 = Debug|Any CPU
		{0E52AAD5-AC5C-4432-84AB-E40501F68F6A}.Release|Any CPU.ActiveCfg = Release|Any CPU
		{0E52AAD5-AC5C-4432-84AB-E40501F68F6A}.Release|Any CPU.Build.0 = Release|Any CPU
	EndGlobalSection
	GlobalSection(SolutionProperties) = preSolution
		HideSolutionNode = FALSE
	EndGlobalSection
	GlobalSection(ExtensibilityGlobals) = postSolution
		SolutionGuid = {EC81CBA3-E3BA-4C2B-8B08-03E3AD2A2ABC}
	EndGlobalSection
EndGlobal
